Microsoft Visual Studio Solution File, Format Version 12.00
# Visual Studio 15
VisualStudioVersion = 15.0.26730.16
MinimumVisualStudioVersion = 10.0.40219.1
Project("{FAE04EC0-301F-11D3-BF4B-00C04F79EFBC}") = "ICT13580074", "ICT13580074\ICT13580074.csproj", "{3EE762E7-CC0F-4DF3-B437-2CD57AF7CE40}"
EndProject
Project("{FAE04EC0-301F-11D3-BF4B-00C04F79EFBC}") = "ICT13580074.iOS", "iOS\ICT13580074.iOS.csproj", "{246A66DF-1B23-45F5-9163-6625C159CC39}"
EndProject
Project("{FAE04EC0-301F-11D3-BF4B-00C04F79EFBC}") = "ICT13580074.Droid", "Droid\ICT13580074.Droid.csproj", "{1DB95947-72AC-47E3-AD3E-8D8DE7639BA2}"
EndProject
Global
	GlobalSection(SolutionConfigurationPlatforms) = preSolution
		Debug|Any CPU = Debug|Any CPU
		Debug|iPhone = Debug|iPhone
		Debug|iPhoneSimulator = Debug|iPhoneSimulator
		Release|Any CPU = Release|Any CPU
		Release|iPhone = Release|iPhone
		Release|iPhoneSimulator = Release|iPhoneSimulator
	EndGlobalSection
	GlobalSection(ProjectConfigurationPlatforms) = postSolution
		{3EE762E7-CC0F-4DF3-B437-2CD57AF7CE40}.Debug|Any CPU.ActiveCfg = Debug|Any CPU
		{3EE762E7-CC0F-4DF3-B437-2CD57AF7CE40}.Debug|Any CPU.Build.0 = Debug|Any CPU
		{3EE762E7-CC0F-4DF3-B437-2CD57AF7CE40}.Debug|iPhone.ActiveCfg = Debug|Any CPU
		{3EE762E7-CC0F-4DF3-B437-2CD57AF7CE40}.Debug|iPhone.Build.0 = Debug|Any CPU
		{3EE762E7-CC0F-4DF3-B437-2CD57AF7CE40}.Debug|iPhoneSimulator.ActiveCfg = Debug|Any CPU
		{3EE762E7-CC0F-4DF3-B437-2CD57AF7CE40}.Debug|iPhoneSimulator.Build.0 = Debug|Any CPU
		{3EE762E7-CC0F-4DF3-B437-2CD57AF7CE40}.Release|Any CPU.ActiveCfg = Release|Any CPU
		{3EE762E7-CC0F-4DF3-B437-2CD57AF7CE40}.Release|Any CPU.Build.0 = Release|Any CPU
		{3EE762E7-CC0F-4DF3-B437-2CD57AF7CE40}.Release|iPhone.ActiveCfg = Release|Any CPU
		{3EE762E7-CC0F-4DF3-B437-2CD57AF7CE40}.Release|iPhone.Build.0 = Release|Any CPU
		{3EE762E7-CC0F-4DF3-B437-2CD57AF7CE40}.Release|iPhoneSimulator.ActiveCfg = Release|Any CPU
		{3EE762E7-CC0F-4DF3-B437-2CD57AF7CE40}.Release|iPhoneSimulator.Build.0 = Release|Any CPU
		{246A66DF-1B23-45F5-9163-6625C159CC39}.Debug|Any CPU.ActiveCfg = Debug|iPhoneSimulator
		{246A66DF-1B23-45F5-9163-6625C159CC39}.Debug|Any CPU.Build.0 = Debug|iPhoneSimulator
		{246A66DF-1B23-45F5-9163-6625C159CC39}.Debug|iPhone.ActiveCfg = Debug|iPhone
		{246A66DF-1B23-45F5-9163-6625C159CC39}.Debug|iPhone.Build.0 = Debug|iPhone
		{246A66DF-1B23-45F5-9163-6625C159CC39}.Debug|iPhoneSimulator.ActiveCfg = Debug|iPhoneSimulator
		{246A66DF-1B23-45F5-9163-6625C159CC39}.Debug|iPhoneSimulator.Build.0 = Debug|iPhoneSimulator
		{246A66DF-1B23-45F5-9163-6625C159CC39}.Release|Any CPU.ActiveCfg = Release|iPhone
		{246A66DF-1B23-45F5-9163-6625C159CC39}.Release|Any CPU.Build.0 = Release|iPhone
		{246A66DF-1B23-45F5-9163-6625C159CC39}.Release|iPhone.ActiveCfg = Release|iPhone
		{246A66DF-1B23-45F5-9163-6625C159CC39}.Release|iPhone.Build.0 = Release|iPhone
		{246A66DF-1B23-45F5-9163-6625C159CC39}.Release|iPhoneSimulator.ActiveCfg = Release|iPhoneSimulator
		{246A66DF-1B23-45F5-9163-6625C159CC39}.Release|iPhoneSimulator.Build.0 = Release|iPhoneSimulator
		{1DB95947-72AC-47E3-AD3E-8D8DE7639BA2}.Debug|Any CPU.ActiveCfg = Debug|Any CPU
		{1DB95947-72AC-47E3-AD3E-8D8DE7639BA2}.Debug|Any CPU.Build.0 = Debug|Any CPU
		{1DB95947-72AC-47E3-AD3E-8D8DE7639BA2}.Debug|iPhone.ActiveCfg = Debug|Any CPU
		{1DB95947-72AC-47E3-AD3E-8D8DE7639BA2}.Debug|iPhone.Build.0 = Debug|Any CPU
		{1DB95947-72AC-47E3-AD3E-8D8DE7639BA2}.Debug|iPhoneSimulator.ActiveCfg = Debug|Any CPU
		{1DB95947-72AC-47E3-AD3E-8D8DE7639BA2}.Debug|iPhoneSimulator.Build.0 = Debug|Any CPU
		{1DB95947-72AC-47E3-AD3E-8D8DE7639BA2}.Release|Any CPU.ActiveCfg = Release|Any CPU
		{1DB95947-72AC-47E3-AD3E-8D8DE7639BA2}.Release|Any CPU.Build.0 = Release|Any CPU
		{1DB95947-72AC-47E3-AD3E-8D8DE7639BA2}.Release|iPhone.ActiveCfg = Release|Any CPU
		{1DB95947-72AC-47E3-AD3E-8D8DE7639BA2}.Release|iPhone.Build.0 = Release|Any CPU
		{1DB95947-72AC-47E3-AD3E-8D8DE7639BA2}.Release|iPhoneSimulator.ActiveCfg = Release|Any CPU
		{1DB95947-72AC-47E3-AD3E-8D8DE7639BA2}.Release|iPhoneSimulator.Build.0 = Release|Any CPU
	EndGlobalSection
	GlobalSection(SolutionProperties) = preSolution
		HideSolutionNode = FALSE
	EndGlobalSection
	GlobalSection(ExtensibilityGlobals) = postSolution
		SolutionGuid = {9F64F676-B57A-43E2-B9EC-3FA88D323428}
	EndGlobalSection
EndGlobal
